
Microsoft Visual Studio Solution File, Format Version 12.00
# Visual Studio Version 16
VisualStudioVersion = 16.0.29020.237
MinimumVisualStudioVersion = 10.0.40219.1
Project("{FAE04EC0-301F-11D3-BF4B-00C04F79EFBC}") = "appCommunication", "appCommunication\appCommunication.csproj", "{9442379F-9D02-4B87-A452-E4A339AB928B}"
EndProject
Global
	GlobalSection(SolutionConfigurationPlatforms) = preSolution
		Debug|Any CPU = Debug|Any CPU
		Release|Any CPU = Release|Any CPU
	EndGlobalSection
	GlobalSection(ProjectConfigurationPlatforms) = postSolution
		{9442379F-9D02-4B87-A452-E4A339AB928B}.Debug|Any CPU.ActiveCfg = Debug|Any CPU
		{9442379F-9D02-4B87-A452-E4A339AB928B}.Debug|Any CPU.Build.0 = Debug|Any CPU
		{9442379F-9D02-4B87-A452-E4A339AB928B}.Release|Any CPU.ActiveCfg = Release|Any CPU
		{9442379F-9D02-4B87-A452-E4A339AB928B}.Release|Any CPU.Build.0 = Release|Any CPU
	EndGlobalSection
	GlobalSection(SolutionProperties) = preSolution
		HideSolutionNode = FALSE
	EndGlobalSection
	GlobalSection(ExtensibilityGlobals) = postSolution
		SolutionGuid = {75CE7A55-6682-4D77-863E-F52742700202}
	EndGlobalSection
EndGlobal
